// !$*UTF8*$!
{
	archiveVersion = 1;
	classes = {
	};
	objectVersion = 46;
	objects = {

/* Begin PBXBuildFile section */
		585269B016E2D5F900E7823D /* UIKit.framework in Frameworks */ = {isa = PBXBuildFile; fileRef = 585269AF16E2D5F900E7823D /* UIKit.framework */; };
		585269B216E2D5F900E7823D /* Foundation.framework in Frameworks */ = {isa = PBXBuildFile; fileRef = 585269B116E2D5F900E7823D /* Foundation.framework */; };
		585269B416E2D5F900E7823D /* CoreGraphics.framework in Frameworks */ = {isa = PBXBuildFile; fileRef = 585269B316E2D5F900E7823D /* CoreGraphics.framework */; };
		585269BA16E2D5F900E7823D /* InfoPlist.strings in Resources */ = {isa = PBXBuildFile; fileRef = 585269B816E2D5F900E7823D /* InfoPlist.strings */; };
		585269BC16E2D5F900E7823D /* main.m in Sources */ = {isa = PBXBuildFile; fileRef = 585269BB16E2D5F900E7823D /* main.m */; };
		585269C016E2D5F900E7823D /* AppDelegate.m in Sources */ = {isa = PBXBuildFile; fileRef = 585269BF16E2D5F900E7823D /* AppDelegate.m */; };
		585269C216E2D5F900E7823D /* Default.png in Resources */ = {isa = PBXBuildFile; fileRef = 585269C116E2D5F900E7823D /* Default.png */; };
		585269C416E2D5F900E7823D /* Default@2x.png in Resources */ = {isa = PBXBuildFile; fileRef = 585269C316E2D5F900E7823D /* Default@2x.png */; };
		585269C616E2D5F900E7823D /* Default-568h@2x.png in Resources */ = {isa = PBXBuildFile; fileRef = 585269C516E2D5F900E7823D /* Default-568h@2x.png */; };
		585269C916E2D5F900E7823D /* ViewController.m in Sources */ = {isa = PBXBuildFile; fileRef = 585269C816E2D5F900E7823D /* ViewController.m */; };
		585269CC16E2D5F900E7823D /* ViewController.xib in Resources */ = {isa = PBXBuildFile; fileRef = 585269CA16E2D5F900E7823D /* ViewController.xib */; };
		585269D816E2D97800E7823D /* BarrelViewController.m in Sources */ = {isa = PBXBuildFile; fileRef = 585269D616E2D97800E7823D /* BarrelViewController.m */; };
		585269D916E2D97800E7823D /* BarrelViewController.xib in Resources */ = {isa = PBXBuildFile; fileRef = 585269D716E2D97800E7823D /* BarrelViewController.xib */; };
		585269DF16E2E87500E7823D /* Barrel.m in Sources */ = {isa = PBXBuildFile; fileRef = 585269DE16E2E87500E7823D /* Barrel.m */; };
		585269E316E2E8C500E7823D /* Model.m in Sources */ = {isa = PBXBuildFile; fileRef = 585269E216E2E8C500E7823D /* Model.m */; };
		585269E816E300D500E7823D /* ModelBackend.m in Sources */ = {isa = PBXBuildFile; fileRef = 585269E716E300D500E7823D /* ModelBackend.m */; };
		585269F216E3125A00E7823D /* Security.framework in Frameworks */ = {isa = PBXBuildFile; fileRef = 585269F116E3125900E7823D /* Security.framework */; };
		585269F416E3126400E7823D /* CFNetwork.framework in Frameworks */ = {isa = PBXBuildFile; fileRef = 585269F316E3126400E7823D /* CFNetwork.framework */; };
		585269F616E3127400E7823D /* libicucore.dylib in Frameworks */ = {isa = PBXBuildFile; fileRef = 585269F516E3127400E7823D /* libicucore.dylib */; };
		585269F816E3129200E7823D /* Firebase.a in Frameworks */ = {isa = PBXBuildFile; fileRef = 585269F716E3129200E7823D /* Firebase.a */; };
		58526A0216E32BB600E7823D /* Tank.m in Sources */ = {isa = PBXBuildFile; fileRef = 585269FD16E32B7A00E7823D /* Tank.m */; };
		58526A0316E32BB800E7823D /* Vessel.m in Sources */ = {isa = PBXBuildFile; fileRef = 585269FF16E32B7A00E7823D /* Vessel.m */; };
		58526A0416E32BBE00E7823D /* ModelViewController.m in Sources */ = {isa = PBXBuildFile; fileRef = 585269FA16E32B5B00E7823D /* ModelViewController.m */; };
/* End PBXBuildFile section */

/* Begin PBXFileReference section */
		585269AC16E2D5F900E7823D /* Vintage.app */ = {isa = PBXFileReference; explicitFileType = wrapper.application; includeInIndex = 0; path = Vintage.app; sourceTree = BUILT_PRODUCTS_DIR; };
		585269AF16E2D5F900E7823D /* UIKit.framework */ = {isa = PBXFileReference; lastKnownFileType = wrapper.framework; name = UIKit.framework; path = System/Library/Frameworks/UIKit.framework; sourceTree = SDKROOT; };
		585269B116E2D5F900E7823D /* Foundation.framework */ = {isa = PBXFileReference; lastKnownFileType = wrapper.framework; name = Foundation.framework; path = System/Library/Frameworks/Foundation.framework; sourceTree = SDKROOT; };
		585269B316E2D5F900E7823D /* CoreGraphics.framework */ = {isa = PBXFileReference; lastKnownFileType = wrapper.framework; name = CoreGraphics.framework; path = System/Library/Frameworks/CoreGraphics.framework; sourceTree = SDKROOT; };
		585269B716E2D5F900E7823D /* Vintage-Info.plist */ = {isa = PBXFileReference; lastKnownFileType = text.plist.xml; path = "Vintage-Info.plist"; sourceTree = "<group>"; };
		585269B916E2D5F900E7823D /* en */ = {isa = PBXFileReference; lastKnownFileType = text.plist.strings; name = en; path = en.lproj/InfoPlist.strings; sourceTree = "<group>"; };
		585269BB16E2D5F900E7823D /* main.m */ = {isa = PBXFileReference; lastKnownFileType = sourcecode.c.objc; path = main.m; sourceTree = "<group>"; };
		585269BD16E2D5F900E7823D /* Vintage-Prefix.pch */ = {isa = PBXFileReference; lastKnownFileType = sourcecode.c.h; path = "Vintage-Prefix.pch"; sourceTree = "<group>"; };
		585269BE16E2D5F900E7823D /* AppDelegate.h */ = {isa = PBXFileReference; lastKnownFileType = sourcecode.c.h; path = AppDelegate.h; sourceTree = "<group>"; };
		585269BF16E2D5F900E7823D /* AppDelegate.m */ = {isa = PBXFileReference; lastKnownFileType = sourcecode.c.objc; path = AppDelegate.m; sourceTree = "<group>"; };
		585269C116E2D5F900E7823D /* Default.png */ = {isa = PBXFileReference; lastKnownFileType = image.png; path = Default.png; sourceTree = "<group>"; };
		585269C316E2D5F900E7823D /* Default@2x.png */ = {isa = PBXFileReference; lastKnownFileType = image.png; path = "Default@2x.png"; sourceTree = "<group>"; };
		585269C516E2D5F900E7823D /* Default-568h@2x.png */ = {isa = PBXFileReference; lastKnownFileType = image.png; path = "Default-568h@2x.png"; sourceTree = "<group>"; };
		585269C716E2D5F900E7823D /* ViewController.h */ = {isa = PBXFileReference; lastKnownFileType = sourcecode.c.h; path = ViewController.h; sourceTree = "<group>"; };
		585269C816E2D5F900E7823D /* ViewController.m */ = {isa = PBXFileReference; lastKnownFileType = sourcecode.c.objc; path = ViewController.m; sourceTree = "<group>"; };
		585269CB16E2D5F900E7823D /* en */ = {isa = PBXFileReference; lastKnownFileType = file.xib; name = en; path = en.lproj/ViewController.xib; sourceTree = "<group>"; };
		585269D516E2D97800E7823D /* BarrelViewController.h */ = {isa = PBXFileReference; fileEncoding = 4; lastKnownFileType = sourcecode.c.h; path = BarrelViewController.h; sourceTree = "<group>"; };
		585269D616E2D97800E7823D /* BarrelViewController.m */ = {isa = PBXFileReference; fileEncoding = 4; lastKnownFileType = sourcecode.c.objc; path = BarrelViewController.m; sourceTree = "<group>"; };
		585269D716E2D97800E7823D /* BarrelViewController.xib */ = {isa = PBXFileReference; fileEncoding = 4; lastKnownFileType = file.xib; path = BarrelViewController.xib; sourceTree = "<group>"; };
		585269DA16E2DB4D00E7823D /* CoreLocation.framework */ = {isa = PBXFileReference; lastKnownFileType = wrapper.framework; name = CoreLocation.framework; path = System/Library/Frameworks/CoreLocation.framework; sourceTree = SDKROOT; };
		585269DD16E2E87500E7823D /* Barrel.h */ = {isa = PBXFileReference; fileEncoding = 4; lastKnownFileType = sourcecode.c.h; path = Barrel.h; sourceTree = "<group>"; };
		585269DE16E2E87500E7823D /* Barrel.m */ = {isa = PBXFileReference; fileEncoding = 4; lastKnownFileType = sourcecode.c.objc; path = Barrel.m; sourceTree = "<group>"; };
		585269E116E2E8C500E7823D /* Model.h */ = {isa = PBXFileReference; fileEncoding = 4; lastKnownFileType = sourcecode.c.h; path = Model.h; sourceTree = "<group>"; };
		585269E216E2E8C500E7823D /* Model.m */ = {isa = PBXFileReference; fileEncoding = 4; lastKnownFileType = sourcecode.c.objc; path = Model.m; sourceTree = "<group>"; };
		585269E616E300D500E7823D /* ModelBackend.h */ = {isa = PBXFileReference; fileEncoding = 4; lastKnownFileType = sourcecode.c.h; path = ModelBackend.h; sourceTree = "<group>"; };
		585269E716E300D500E7823D /* ModelBackend.m */ = {isa = PBXFileReference; fileEncoding = 4; lastKnownFileType = sourcecode.c.objc; path = ModelBackend.m; sourceTree = "<group>"; };
		585269EA16E3121800E7823D /* FDataSnapshot.h */ = {isa = PBXFileReference; fileEncoding = 4; lastKnownFileType = sourcecode.c.h; path = FDataSnapshot.h; sourceTree = "<group>"; };
		585269EB16E3121800E7823D /* FEventType.h */ = {isa = PBXFileReference; fileEncoding = 4; lastKnownFileType = sourcecode.c.h; path = FEventType.h; sourceTree = "<group>"; };
		585269EC16E3121800E7823D /* Firebase.h */ = {isa = PBXFileReference; fileEncoding = 4; lastKnownFileType = sourcecode.c.h; path = Firebase.h; sourceTree = "<group>"; };
		585269ED16E3121800E7823D /* FOnDisconnect.h */ = {isa = PBXFileReference; fileEncoding = 4; lastKnownFileType = sourcecode.c.h; path = FOnDisconnect.h; sourceTree = "<group>"; };
		585269EE16E3121800E7823D /* FQuery.h */ = {isa = PBXFileReference; fileEncoding = 4; lastKnownFileType = sourcecode.c.h; path = FQuery.h; sourceTree = "<group>"; };
		585269EF16E3121800E7823D /* FQueryParams.h */ = {isa = PBXFileReference; fileEncoding = 4; lastKnownFileType = sourcecode.c.h; path = FQueryParams.h; sourceTree = "<group>"; };
		585269F016E3121800E7823D /* FTypedefs.h */ = {isa = PBXFileReference; fileEncoding = 4; lastKnownFileType = sourcecode.c.h; path = FTypedefs.h; sourceTree = "<group>"; };
		585269F116E3125900E7823D /* Security.framework */ = {isa = PBXFileReference; lastKnownFileType = wrapper.framework; name = Security.framework; path = System/Library/Frameworks/Security.framework; sourceTree = SDKROOT; };
		585269F316E3126400E7823D /* CFNetwork.framework */ = {isa = PBXFileReference; lastKnownFileType = wrapper.framework; name = CFNetwork.framework; path = System/Library/Frameworks/CFNetwork.framework; sourceTree = SDKROOT; };
		585269F516E3127400E7823D /* libicucore.dylib */ = {isa = PBXFileReference; lastKnownFileType = "compiled.mach-o.dylib"; name = libicucore.dylib; path = usr/lib/libicucore.dylib; sourceTree = SDKROOT; };
		585269F716E3129200E7823D /* Firebase.a */ = {isa = PBXFileReference; lastKnownFileType = archive.ar; path = Firebase.a; sourceTree = "<group>"; };
		585269F916E32B5B00E7823D /* ModelViewController.h */ = {isa = PBXFileReference; lastKnownFileType = sourcecode.c.h; path = ModelViewController.h; sourceTree = "<group>"; };
		585269FA16E32B5B00E7823D /* ModelViewController.m */ = {isa = PBXFileReference; lastKnownFileType = sourcecode.c.objc; path = ModelViewController.m; sourceTree = "<group>"; };
		585269FC16E32B7A00E7823D /* Tank.h */ = {isa = PBXFileReference; lastKnownFileType = sourcecode.c.h; path = Tank.h; sourceTree = "<group>"; };
		585269FD16E32B7A00E7823D /* Tank.m */ = {isa = PBXFileReference; lastKnownFileType = sourcecode.c.objc; path = Tank.m; sourceTree = "<group>"; };
		585269FE16E32B7A00E7823D /* Vessel.h */ = {isa = PBXFileReference; lastKnownFileType = sourcecode.c.h; path = Vessel.h; sourceTree = "<group>"; };
		585269FF16E32B7A00E7823D /* Vessel.m */ = {isa = PBXFileReference; lastKnownFileType = sourcecode.c.objc; path = Vessel.m; sourceTree = "<group>"; };
/* End PBXFileReference section */

/* Begin PBXFrameworksBuildPhase section */
		585269A916E2D5F900E7823D /* Frameworks */ = {
			isa = PBXFrameworksBuildPhase;
			buildActionMask = 2147483647;
			files = (
				585269F616E3127400E7823D /* libicucore.dylib in Frameworks */,
				585269F416E3126400E7823D /* CFNetwork.framework in Frameworks */,
				585269F216E3125A00E7823D /* Security.framework in Frameworks */,
				585269B016E2D5F900E7823D /* UIKit.framework in Frameworks */,
				585269B216E2D5F900E7823D /* Foundation.framework in Frameworks */,
				585269B416E2D5F900E7823D /* CoreGraphics.framework in Frameworks */,
				585269F816E3129200E7823D /* Firebase.a in Frameworks */,
			);
			runOnlyForDeploymentPostprocessing = 0;
		};
/* End PBXFrameworksBuildPhase section */

/* Begin PBXGroup section */
		585269A316E2D5F900E7823D = {
			isa = PBXGroup;
			children = (
				585269B516E2D5F900E7823D /* Vintage */,
				585269AE16E2D5F900E7823D /* Frameworks */,
				585269AD16E2D5F900E7823D /* Products */,
			);
			sourceTree = "<group>";
		};
		585269AD16E2D5F900E7823D /* Products */ = {
			isa = PBXGroup;
			children = (
				585269AC16E2D5F900E7823D /* Vintage.app */,
			);
			name = Products;
			sourceTree = "<group>";
		};
		585269AE16E2D5F900E7823D /* Frameworks */ = {
			isa = PBXGroup;
			children = (
				585269E916E3121800E7823D /* Firebase */,
				585269DA16E2DB4D00E7823D /* CoreLocation.framework */,
				585269AF16E2D5F900E7823D /* UIKit.framework */,
				585269B116E2D5F900E7823D /* Foundation.framework */,
				585269B316E2D5F900E7823D /* CoreGraphics.framework */,
				585269F516E3127400E7823D /* libicucore.dylib */,
				585269F316E3126400E7823D /* CFNetwork.framework */,
				585269F116E3125900E7823D /* Security.framework */,
			);
			name = Frameworks;
			sourceTree = "<group>";
		};
		585269B516E2D5F900E7823D /* Vintage */ = {
			isa = PBXGroup;
			children = (
				585269E416E2EBDC00E7823D /* Models */,
				585269D416E2D92B00E7823D /* BarrelViewController */,
				585269FB16E32B5F00E7823D /* ModelViewController */,
				585269D216E2D83500E7823D /* AppDelegate */,
				585269D316E2D83B00E7823D /* ViewController */,
				585269B616E2D5F900E7823D /* Supporting Files */,
			);
			path = Vintage;
			sourceTree = "<group>";
		};
		585269B616E2D5F900E7823D /* Supporting Files */ = {
			isa = PBXGroup;
			children = (
				585269F716E3129200E7823D /* Firebase.a */,
				585269B716E2D5F900E7823D /* Vintage-Info.plist */,
				585269B816E2D5F900E7823D /* InfoPlist.strings */,
				585269BB16E2D5F900E7823D /* main.m */,
				585269BD16E2D5F900E7823D /* Vintage-Prefix.pch */,
				585269C116E2D5F900E7823D /* Default.png */,
				585269C316E2D5F900E7823D /* Default@2x.png */,
				585269C516E2D5F900E7823D /* Default-568h@2x.png */,
			);
			name = "Supporting Files";
			sourceTree = "<group>";
		};
		585269D216E2D83500E7823D /* AppDelegate */ = {
			isa = PBXGroup;
			children = (
				585269BE16E2D5F900E7823D /* AppDelegate.h */,
				585269BF16E2D5F900E7823D /* AppDelegate.m */,
			);
			name = AppDelegate;
			sourceTree = "<group>";
		};
		585269D316E2D83B00E7823D /* ViewController */ = {
			isa = PBXGroup;
			children = (
				585269C716E2D5F900E7823D /* ViewController.h */,
				585269C816E2D5F900E7823D /* ViewController.m */,
				585269CA16E2D5F900E7823D /* ViewController.xib */,
			);
			name = ViewController;
			sourceTree = "<group>";
		};
		585269D416E2D92B00E7823D /* BarrelViewController */ = {
			isa = PBXGroup;
			children = (
				585269D516E2D97800E7823D /* BarrelViewController.h */,
				585269D616E2D97800E7823D /* BarrelViewController.m */,
				585269D716E2D97800E7823D /* BarrelViewController.xib */,
			);
			name = BarrelViewController;
			sourceTree = "<group>";
		};
		585269DC16E2E86000E7823D /* Barrel */ = {
			isa = PBXGroup;
			children = (
				585269DD16E2E87500E7823D /* Barrel.h */,
				585269DE16E2E87500E7823D /* Barrel.m */,
			);
			name = Barrel;
			sourceTree = "<group>";
		};
		585269E016E2E8BC00E7823D /* Model */ = {
			isa = PBXGroup;
			children = (
				585269E116E2E8C500E7823D /* Model.h */,
				585269E216E2E8C500E7823D /* Model.m */,
			);
			name = Model;
			sourceTree = "<group>";
		};
		585269E416E2EBDC00E7823D /* Models */ = {
			isa = PBXGroup;
			children = (
				585269E516E300AC00E7823D /* ModelBackend */,
				58526A0116E32B9500E7823D /* Tank */,
				58526A0016E32B8C00E7823D /* Vessel */,
				585269E016E2E8BC00E7823D /* Model */,
				585269DC16E2E86000E7823D /* Barrel */,
			);
			name = Models;
			sourceTree = "<group>";
		};
		585269E516E300AC00E7823D /* ModelBackend */ = {
			isa = PBXGroup;
			children = (
				585269E616E300D500E7823D /* ModelBackend.h */,
				585269E716E300D500E7823D /* ModelBackend.m */,
			);
			name = ModelBackend;
			sourceTree = "<group>";
		};
		585269E916E3121800E7823D /* Firebase */ = {
			isa = PBXGroup;
			children = (
				585269EA16E3121800E7823D /* FDataSnapshot.h */,
				585269EB16E3121800E7823D /* FEventType.h */,
				585269EC16E3121800E7823D /* Firebase.h */,
				585269ED16E3121800E7823D /* FOnDisconnect.h */,
				585269EE16E3121800E7823D /* FQuery.h */,
				585269EF16E3121800E7823D /* FQueryParams.h */,
				585269F016E3121800E7823D /* FTypedefs.h */,
			);
			name = Firebase;
			path = Headers;
			sourceTree = "<group>";
		};
		585269FB16E32B5F00E7823D /* ModelViewController */ = {
			isa = PBXGroup;
			children = (
				585269F916E32B5B00E7823D /* ModelViewController.h */,
				585269FA16E32B5B00E7823D /* ModelViewController.m */,
			);
			name = ModelViewController;
			sourceTree = "<group>";
		};
		58526A0016E32B8C00E7823D /* Vessel */ = {
			isa = PBXGroup;
			children = (
				585269FE16E32B7A00E7823D /* Vessel.h */,
				585269FF16E32B7A00E7823D /* Vessel.m */,
			);
			name = Vessel;
			sourceTree = "<group>";
		};
		58526A0116E32B9500E7823D /* Tank */ = {
			isa = PBXGroup;
			children = (
				585269FC16E32B7A00E7823D /* Tank.h */,
				585269FD16E32B7A00E7823D /* Tank.m */,
			);
			name = Tank;
			sourceTree = "<group>";
		};
/* End PBXGroup section */

/* Begin PBXNativeTarget section */
		585269AB16E2D5F900E7823D /* Vintage */ = {
			isa = PBXNativeTarget;
			buildConfigurationList = 585269CF16E2D5F900E7823D /* Build configuration list for PBXNativeTarget "Vintage" */;
			buildPhases = (
				585269A816E2D5F900E7823D /* Sources */,
				585269A916E2D5F900E7823D /* Frameworks */,
				585269AA16E2D5F900E7823D /* Resources */,
			);
			buildRules = (
			);
			dependencies = (
			);
			name = Vintage;
			productName = Vintage;
			productReference = 585269AC16E2D5F900E7823D /* Vintage.app */;
			productType = "com.apple.product-type.application";
		};
/* End PBXNativeTarget section */

/* Begin PBXProject section */
		585269A416E2D5F900E7823D /* Project object */ = {
			isa = PBXProject;
			attributes = {
				LastUpgradeCheck = 0460;
				ORGANIZATIONNAME = "Dustin Dettmer";
			};
			buildConfigurationList = 585269A716E2D5F900E7823D /* Build configuration list for PBXProject "Vintage" */;
			compatibilityVersion = "Xcode 3.2";
			developmentRegion = English;
			hasScannedForEncodings = 0;
			knownRegions = (
				en,
			);
			mainGroup = 585269A316E2D5F900E7823D;
			productRefGroup = 585269AD16E2D5F900E7823D /* Products */;
			projectDirPath = "";
			projectRoot = "";
			targets = (
				585269AB16E2D5F900E7823D /* Vintage */,
			);
		};
/* End PBXProject section */

/* Begin PBXResourcesBuildPhase section */
		585269AA16E2D5F900E7823D /* Resources */ = {
			isa = PBXResourcesBuildPhase;
			buildActionMask = 2147483647;
			files = (
				585269BA16E2D5F900E7823D /* InfoPlist.strings in Resources */,
				585269C216E2D5F900E7823D /* Default.png in Resources */,
				585269C416E2D5F900E7823D /* Default@2x.png in Resources */,
				585269C616E2D5F900E7823D /* Default-568h@2x.png in Resources */,
				585269CC16E2D5F900E7823D /* ViewController.xib in Resources */,
				585269D916E2D97800E7823D /* BarrelViewController.xib in Resources */,
			);
			runOnlyForDeploymentPostprocessing = 0;
		};
/* End PBXResourcesBuildPhase section */

/* Begin PBXSourcesBuildPhase section */
		585269A816E2D5F900E7823D /* Sources */ = {
			isa = PBXSourcesBuildPhase;
			buildActionMask = 2147483647;
			files = (
				585269BC16E2D5F900E7823D /* main.m in Sources */,
				585269C016E2D5F900E7823D /* AppDelegate.m in Sources */,
				585269C916E2D5F900E7823D /* ViewController.m in Sources */,
				585269D816E2D97800E7823D /* BarrelViewController.m in Sources */,
				585269DF16E2E87500E7823D /* Barrel.m in Sources */,
				585269E316E2E8C500E7823D /* Model.m in Sources */,
				585269E816E300D500E7823D /* ModelBackend.m in Sources */,
				58526A0216E32BB600E7823D /* Tank.m in Sources */,
				58526A0316E32BB800E7823D /* Vessel.m in Sources */,
				58526A0416E32BBE00E7823D /* ModelViewController.m in Sources */,
			);
			runOnlyForDeploymentPostprocessing = 0;
		};
/* End PBXSourcesBuildPhase section */

/* Begin PBXVariantGroup section */
		585269B816E2D5F900E7823D /* InfoPlist.strings */ = {
			isa = PBXVariantGroup;
			children = (
				585269B916E2D5F900E7823D /* en */,
			);
			name = InfoPlist.strings;
			sourceTree = "<group>";
		};
		585269CA16E2D5F900E7823D /* ViewController.xib */ = {
			isa = PBXVariantGroup;
			children = (
				585269CB16E2D5F900E7823D /* en */,
			);
			name = ViewController.xib;
			sourceTree = "<group>";
		};
/* End PBXVariantGroup section */

/* Begin XCBuildConfiguration section */
		585269CD16E2D5F900E7823D /* Debug */ = {
			isa = XCBuildConfiguration;
			buildSettings = {
				ALWAYS_SEARCH_USER_PATHS = NO;
				CLANG_CXX_LANGUAGE_STANDARD = "gnu++0x";
				CLANG_CXX_LIBRARY = "libc++";
				CLANG_ENABLE_OBJC_ARC = YES;
				CLANG_WARN_CONSTANT_CONVERSION = YES;
				CLANG_WARN_EMPTY_BODY = YES;
				CLANG_WARN_ENUM_CONVERSION = YES;
				CLANG_WARN_INT_CONVERSION = YES;
				CLANG_WARN__DUPLICATE_METHOD_MATCH = YES;
				"CODE_SIGN_IDENTITY[sdk=iphoneos*]" = "iPhone Developer";
				COPY_PHASE_STRIP = NO;
				GCC_C_LANGUAGE_STANDARD = gnu99;
				GCC_DYNAMIC_NO_PIC = NO;
				GCC_OPTIMIZATION_LEVEL = 0;
				GCC_PREPROCESSOR_DEFINITIONS = (
					"DEBUG=1",
					"$(inherited)",
				);
				GCC_SYMBOLS_PRIVATE_EXTERN = NO;
				GCC_WARN_ABOUT_RETURN_TYPE = YES;
				GCC_WARN_UNINITIALIZED_AUTOS = YES;
				GCC_WARN_UNUSED_VARIABLE = YES;
				IPHONEOS_DEPLOYMENT_TARGET = 6.1;
				ONLY_ACTIVE_ARCH = YES;
				SDKROOT = iphoneos;
			};
			name = Debug;
		};
		585269CE16E2D5F900E7823D /* Release */ = {
			isa = XCBuildConfiguration;
			buildSettings = {
				ALWAYS_SEARCH_USER_PATHS = NO;
				CLANG_CXX_LANGUAGE_STANDARD = "gnu++0x";
				CLANG_CXX_LIBRARY = "libc++";
				CLANG_ENABLE_OBJC_ARC = YES;
				CLANG_WARN_CONSTANT_CONVERSION = YES;
				CLANG_WARN_EMPTY_BODY = YES;
				CLANG_WARN_ENUM_CONVERSION = YES;
				CLANG_WARN_INT_CONVERSION = YES;
				CLANG_WARN__DUPLICATE_METHOD_MATCH = YES;
				"CODE_SIGN_IDENTITY[sdk=iphoneos*]" = "iPhone Developer";
				COPY_PHASE_STRIP = YES;
				GCC_C_LANGUAGE_STANDARD = gnu99;
				GCC_WARN_ABOUT_RETURN_TYPE = YES;
				GCC_WARN_UNINITIALIZED_AUTOS = YES;
				GCC_WARN_UNUSED_VARIABLE = YES;
				IPHONEOS_DEPLOYMENT_TARGET = 6.1;
				OTHER_CFLAGS = "-DNS_BLOCK_ASSERTIONS=1";
				SDKROOT = iphoneos;
				VALIDATE_PRODUCT = YES;
			};
			name = Release;
		};
		585269D016E2D5F900E7823D /* Debug */ = {
			isa = XCBuildConfiguration;
			buildSettings = {
				GCC_PRECOMPILE_PREFIX_HEADER = YES;
				GCC_PREFIX_HEADER = "Vintage/Vintage-Prefix.pch";
				INFOPLIST_FILE = "Vintage/Vintage-Info.plist";
				IPHONEOS_DEPLOYMENT_TARGET = 6.1;
				LIBRARY_SEARCH_PATHS = (
					"$(inherited)",
					"\"$(SRCROOT)/Vintage\"",
				);
				OTHER_LDFLAGS = "-ObjC";
				PRODUCT_NAME = "$(TARGET_NAME)";
				TARGETED_DEVICE_FAMILY = "1,2";
				WRAPPER_EXTENSION = app;
			};
			name = Debug;
		};
		585269D116E2D5F900E7823D /* Release */ = {
			isa = XCBuildConfiguration;
			buildSettings = {
				GCC_PRECOMPILE_PREFIX_HEADER = YES;
				GCC_PREFIX_HEADER = "Vintage/Vintage-Prefix.pch";
				INFOPLIST_FILE = "Vintage/Vintage-Info.plist";
				IPHONEOS_DEPLOYMENT_TARGET = 6.1;
				LIBRARY_SEARCH_PATHS = (
					"$(inherited)",
					"\"$(SRCROOT)/Vintage\"",
				);
				OTHER_LDFLAGS = "-ObjC";
				PRODUCT_NAME = "$(TARGET_NAME)";
				TARGETED_DEVICE_FAMILY = "1,2";
				WRAPPER_EXTENSION = app;
			};
			name = Release;
		};
/* End XCBuildConfiguration section */

/* Begin XCConfigurationList section */
		585269A716E2D5F900E7823D /* Build configuration list for PBXProject "Vintage" */ = {
			isa = XCConfigurationList;
			buildConfigurations = (
				585269CD16E2D5F900E7823D /* Debug */,
				585269CE16E2D5F900E7823D /* Release */,
			);
			defaultConfigurationIsVisible = 0;
			defaultConfigurationName = Release;
		};
		585269CF16E2D5F900E7823D /* Build configuration list for PBXNativeTarget "Vintage" */ = {
			isa = XCConfigurationList;
			buildConfigurations = (
				585269D016E2D5F900E7823D /* Debug */,
				585269D116E2D5F900E7823D /* Release */,
			);
			defaultConfigurationIsVisible = 0;
			defaultConfigurationName = Release;
		};
/* End XCConfigurationList section */
	};
	rootObject = 585269A416E2D5F900E7823D /* Project object */;
}
